Microsoft Visual Studio Solution File, Format Version 12.00
# Visual Studio Version 17
VisualStudioVersion = 17.5.2.0
MinimumVisualStudioVersion = 10.0.40219.1
Project("{FAE04EC0-301F-11D3-BF4B-00C04F79EFBC}") = "LatexEditor", "LatexEditor.csproj", "{0011FD1F-AC5C-0BCF-A5A8-D67B6D69FFD2}"
EndProject
Global
	GlobalSection(SolutionConfigurationPlatforms) = preSolution
		Debug|Any CPU = Debug|Any CPU
		Release|Any CPU = Release|Any CPU
	EndGlobalSection
	GlobalSection(ProjectConfigurationPlatforms) = postSolution
		{0011FD1F-AC5C-0BCF-A5A8-D67B6D69FFD2}.Debug|Any CPU.ActiveCfg = Debug|Any CPU
		{0011FD1F-AC5C-0BCF-A5A8-D67B6D69FFD2}.Debug|Any CPU.Build.0 = Debug|Any CPU
		{0011FD1F-AC5C-0BCF-A5A8-D67B6D69FFD2}.Release|Any CPU.ActiveCfg = Release|Any CPU
		{0011FD1F-AC5C-0BCF-A5A8-D67B6D69FFD2}.Release|Any CPU.Build.0 = Release|Any CPU
	EndGlobalSection
	GlobalSection(SolutionProperties) = preSolution
		HideSolutionNode = FALSE
	EndGlobalSection
	GlobalSection(ExtensibilityGlobals) = postSolution
		SolutionGuid = {C3CE52CC-DAAA-4DC0-8026-2E5FA5466EF6}
	EndGlobalSection
EndGlobal
