
Microsoft Visual Studio Solution File, Format Version 12.00
# Visual Studio Version 17
VisualStudioVersion = 17.11.35327.3
MinimumVisualStudioVersion = 10.0.40219.1
Project("{9A19103F-16F7-4668-BE54-9A1E7A4F7556}") = "LatexEditor", "LatexEditor\LatexEditor.csproj", "{920C2073-0F3D-42DB-8023-E1648A2E7847}"
EndProject
Project("{FAE04EC0-301F-11D3-BF4B-00C04F79EFBC}") = "LatexEditor.Test", "LatexEditor.Test\LatexEditor.Test.csproj", "{7EBD48C7-9230-40EA-96D3-31AFA8E094F6}"
EndProject
Global
	GlobalSection(SolutionConfigurationPlatforms) = preSolution
		Debug|Any CPU = Debug|Any CPU
		Release|Any CPU = Release|Any CPU
	EndGlobalSection
	GlobalSection(ProjectConfigurationPlatforms) = postSolution
		{920C2073-0F3D-42DB-8023-E1648A2E7847}.Debug|Any CPU.ActiveCfg = Debug|Any CPU
		{920C2073-0F3D-42DB-8023-E1648A2E7847}.Debug|Any CPU.Build.0 = Debug|Any CPU
		{920C2073-0F3D-42DB-8023-E1648A2E7847}.Release|Any CPU.ActiveCfg = Release|Any CPU
		{920C2073-0F3D-42DB-8023-E1648A2E7847}.Release|Any CPU.Build.0 = Release|Any CPU
		{7EBD48C7-9230-40EA-96D3-31AFA8E094F6}.Debug|Any CPU.ActiveCfg = Debug|Any CPU
		{7EBD48C7-9230-40EA-96D3-31AFA8E094F6}.Debug|Any CPU.Build.0 = Debug|Any CPU
		{7EBD48C7-9230-40EA-96D3-31AFA8E094F6}.Release|Any CPU.ActiveCfg = Release|Any CPU
		{7EBD48C7-9230-40EA-96D3-31AFA8E094F6}.Release|Any CPU.Build.0 = Release|Any CPU
	EndGlobalSection
	GlobalSection(SolutionProperties) = preSolution
		HideSolutionNode = FALSE
	EndGlobalSection
	GlobalSection(ExtensibilityGlobals) = postSolution
		SolutionGuid = {0213F8EB-E23B-4BB9-A79C-DBD8255F8555}
	EndGlobalSection
EndGlobal
